
Microsoft Visual Studio Solution File, Format Version 12.00
# Visual Studio 15
VisualStudioVersion = 15.0.28010.2048
MinimumVisualStudioVersion = 10.0.40219.1
Project("{FAE04EC0-301F-11D3-BF4B-00C04F79EFBC}") = "VoteSystem", "VoteSystem\VoteSystem.csproj", "{D091D6D1-8D43-4036-AA16-5884E68633FC}"
EndProject
Global
	GlobalSection(SolutionConfigurationPlatforms) = preSolution
		Debug|Any CPU = Debug|Any CPU
		Release|Any CPU = Release|Any CPU
	EndGlobalSection
	GlobalSection(ProjectConfigurationPlatforms) = postSolution
		{D091D6D1-8D43-4036-AA16-5884E68633FC}.Debug|Any CPU.ActiveCfg = Debug|Any CPU
		{D091D6D1-8D43-4036-AA16-5884E68633FC}.Debug|Any CPU.Build.0 = Debug|Any CPU
		{D091D6D1-8D43-4036-AA16-5884E68633FC}.Release|Any CPU.ActiveCfg = Release|Any CPU
		{D091D6D1-8D43-4036-AA16-5884E68633FC}.Release|Any CPU.Build.0 = Release|Any CPU
	EndGlobalSection
	GlobalSection(SolutionProperties) = preSolution
		HideSolutionNode = FALSE
	EndGlobalSection
	GlobalSection(ExtensibilityGlobals) = postSolution
		SolutionGuid = {3292BD3A-1C5A-4B95-9DEB-D2878F600A7F}
	EndGlobalSection
EndGlobal
